
Microsoft Visual Studio Solution File, Format Version 12.00
# Visual Studio Version 16
VisualStudioVersion = 16.0.29905.134
MinimumVisualStudioVersion = 10.0.40219.1
Project("{2150E333-8FDC-42A3-9474-1A3956D46DE8}") = "BAL", "BAL", "{1EA6EB52-F8DA-4A48-AFC6-9FF81504DFE5}"
EndProject
Project("{2150E333-8FDC-42A3-9474-1A3956D46DE8}") = "DAL", "DAL", "{741A8714-3C9A-4EFD-B6DF-F9D28B9A80EF}"
EndProject
Project("{2150E333-8FDC-42A3-9474-1A3956D46DE8}") = "UI", "UI", "{FFA2E29F-E6A0-4CEB-AE70-1FE38175F797}"
EndProject
Project("{9A19103F-16F7-4668-BE54-9A1E7A4F7556}") = "BooksStat.DAP.SqLite", "DAL\BooksStat.DAP.SqLite\BooksStat.DAP.SqLite.csproj", "{587A4D1B-00F2-4417-B230-E324D7C7D7D1}"
EndProject
Project("{9A19103F-16F7-4668-BE54-9A1E7A4F7556}") = "BooksStat.BAL.Core", "BAL\BooksStat.BAL.Core\BooksStat.BAL.Core.csproj", "{269D6714-A896-4F8A-B034-6AE126DEC13C}"
EndProject
Project("{9A19103F-16F7-4668-BE54-9A1E7A4F7556}") = "BooksStat.BAL.SqLite", "BAL\BooksStat.BAL.SqLite\BooksStat.BAL.SqLite.csproj", "{DB6B1E9E-65AA-4988-9215-0A7618FB643D}"
EndProject
Project("{2150E333-8FDC-42A3-9474-1A3956D46DE8}") = "Mobile", "Mobile", "{485C5E4F-423A-4737-BBBE-F439C9C48A2A}"
EndProject
Project("{FAE04EC0-301F-11D3-BF4B-00C04F79EFBC}") = "BooksStat.UI.Mobile.Android", "UI\Mobile\BooksStat.UI.Mobile\BooksStat.UI.Mobile.Android\BooksStat.UI.Mobile.Android.csproj", "{BFBAD922-8A8D-4B9A-9F5B-7B10EB277C01}"
EndProject
Project("{FAE04EC0-301F-11D3-BF4B-00C04F79EFBC}") = "BooksStat.UI.Mobile.iOS", "UI\Mobile\BooksStat.UI.Mobile\BooksStat.UI.Mobile.iOS\BooksStat.UI.Mobile.iOS.csproj", "{316C4651-EA6A-44F5-AE60-8B96F4D18288}"
EndProject
Project("{9A19103F-16F7-4668-BE54-9A1E7A4F7556}") = "BooksStat.UI.Mobile", "UI\Mobile\BooksStat.UI.Mobile\BooksStat.UI.Mobile\BooksStat.UI.Mobile.csproj", "{4E20D399-1382-442D-AB2D-49D341BE2597}"
EndProject
Project("{2150E333-8FDC-42A3-9474-1A3956D46DE8}") = "Utils", "Utils", "{B97ABAF8-523E-4401-8838-38B524009D86}"
EndProject
Project("{FAE04EC0-301F-11D3-BF4B-00C04F79EFBC}") = "BooksStat.Utils.Enum", "Utils\BooksStat.Utils.Enum\BooksStat.Utils.Enum.csproj", "{2CB8BB7A-2FAD-486A-BA7A-291BC61F8CC8}"
EndProject
Global
	GlobalSection(SolutionConfigurationPlatforms) = preSolution
		Debug|Any CPU = Debug|Any CPU
		Debug|iPhone = Debug|iPhone
		Debug|iPhoneSimulator = Debug|iPhoneSimulator
		Release|Any CPU = Release|Any CPU
		Release|iPhone = Release|iPhone
		Release|iPhoneSimulator = Release|iPhoneSimulator
	EndGlobalSection
	GlobalSection(ProjectConfigurationPlatforms) = postSolution
		{587A4D1B-00F2-4417-B230-E324D7C7D7D1}.Debug|Any CPU.ActiveCfg = Debug|Any CPU
		{587A4D1B-00F2-4417-B230-E324D7C7D7D1}.Debug|Any CPU.Build.0 = Debug|Any CPU
		{587A4D1B-00F2-4417-B230-E324D7C7D7D1}.Debug|iPhone.ActiveCfg = Debug|Any CPU
		{587A4D1B-00F2-4417-B230-E324D7C7D7D1}.Debug|iPhone.Build.0 = Debug|Any CPU
		{587A4D1B-00F2-4417-B230-E324D7C7D7D1}.Debug|iPhoneSimulator.ActiveCfg = Debug|Any CPU
		{587A4D1B-00F2-4417-B230-E324D7C7D7D1}.Debug|iPhoneSimulator.Build.0 = Debug|Any CPU
		{587A4D1B-00F2-4417-B230-E324D7C7D7D1}.Release|Any CPU.ActiveCfg = Release|Any CPU
		{587A4D1B-00F2-4417-B230-E324D7C7D7D1}.Release|Any CPU.Build.0 = Release|Any CPU
		{587A4D1B-00F2-4417-B230-E324D7C7D7D1}.Release|iPhone.ActiveCfg = Release|Any CPU
		{587A4D1B-00F2-4417-B230-E324D7C7D7D1}.Release|iPhone.Build.0 = Release|Any CPU
		{587A4D1B-00F2-4417-B230-E324D7C7D7D1}.Release|iPhoneSimulator.ActiveCfg = Release|Any CPU
		{587A4D1B-00F2-4417-B230-E324D7C7D7D1}.Release|iPhoneSimulator.Build.0 = Release|Any CPU
		{269D6714-A896-4F8A-B034-6AE126DEC13C}.Debug|Any CPU.ActiveCfg = Debug|Any CPU
		{269D6714-A896-4F8A-B034-6AE126DEC13C}.Debug|Any CPU.Build.0 = Debug|Any CPU
		{269D6714-A896-4F8A-B034-6AE126DEC13C}.Debug|iPhone.ActiveCfg = Debug|Any CPU
		{269D6714-A896-4F8A-B034-6AE126DEC13C}.Debug|iPhone.Build.0 = Debug|Any CPU
		{269D6714-A896-4F8A-B034-6AE126DEC13C}.Debug|iPhoneSimulator.ActiveCfg = Debug|Any CPU
		{269D6714-A896-4F8A-B034-6AE126DEC13C}.Debug|iPhoneSimulator.Build.0 = Debug|Any CPU
		{269D6714-A896-4F8A-B034-6AE126DEC13C}.Release|Any CPU.ActiveCfg = Release|Any CPU
		{269D6714-A896-4F8A-B034-6AE126DEC13C}.Release|Any CPU.Build.0 = Release|Any CPU
		{269D6714-A896-4F8A-B034-6AE126DEC13C}.Release|iPhone.ActiveCfg = Release|Any CPU
		{269D6714-A896-4F8A-B034-6AE126DEC13C}.Release|iPhone.Build.0 = Release|Any CPU
		{269D6714-A896-4F8A-B034-6AE126DEC13C}.Release|iPhoneSimulator.ActiveCfg = Release|Any CPU
		{269D6714-A896-4F8A-B034-6AE126DEC13C}.Release|iPhoneSimulator.Build.0 = Release|Any CPU
		{DB6B1E9E-65AA-4988-9215-0A7618FB643D}.Debug|Any CPU.ActiveCfg = Debug|Any CPU
		{DB6B1E9E-65AA-4988-9215-0A7618FB643D}.Debug|Any CPU.Build.0 = Debug|Any CPU
		{DB6B1E9E-65AA-4988-9215-0A7618FB643D}.Debug|iPhone.ActiveCfg = Debug|Any CPU
		{DB6B1E9E-65AA-4988-9215-0A7618FB643D}.Debug|iPhone.Build.0 = Debug|Any CPU
		{DB6B1E9E-65AA-4988-9215-0A7618FB643D}.Debug|iPhoneSimulator.ActiveCfg = Debug|Any CPU
		{DB6B1E9E-65AA-4988-9215-0A7618FB643D}.Debug|iPhoneSimulator.Build.0 = Debug|Any CPU
		{DB6B1E9E-65AA-4988-9215-0A7618FB643D}.Release|Any CPU.ActiveCfg = Release|Any CPU
		{DB6B1E9E-65AA-4988-9215-0A7618FB643D}.Release|Any CPU.Build.0 = Release|Any CPU
		{DB6B1E9E-65AA-4988-9215-0A7618FB643D}.Release|iPhone.ActiveCfg = Release|Any CPU
		{DB6B1E9E-65AA-4988-9215-0A7618FB643D}.Release|iPhone.Build.0 = Release|Any CPU
		{DB6B1E9E-65AA-4988-9215-0A7618FB643D}.Release|iPhoneSimulator.ActiveCfg = Release|Any CPU
		{DB6B1E9E-65AA-4988-9215-0A7618FB643D}.Release|iPhoneSimulator.Build.0 = Release|Any CPU
		{BFBAD922-8A8D-4B9A-9F5B-7B10EB277C01}.Debug|Any CPU.ActiveCfg = Debug|Any CPU
		{BFBAD922-8A8D-4B9A-9F5B-7B10EB277C01}.Debug|Any CPU.Build.0 = Debug|Any CPU
		{BFBAD922-8A8D-4B9A-9F5B-7B10EB277C01}.Debug|Any CPU.Deploy.0 = Debug|Any CPU
		{BFBAD922-8A8D-4B9A-9F5B-7B10EB277C01}.Debug|iPhone.ActiveCfg = Debug|Any CPU
		{BFBAD922-8A8D-4B9A-9F5B-7B10EB277C01}.Debug|iPhone.Build.0 = Debug|Any CPU
		{BFBAD922-8A8D-4B9A-9F5B-7B10EB277C01}.Debug|iPhone.Deploy.0 = Debug|Any CPU
		{BFBAD922-8A8D-4B9A-9F5B-7B10EB277C01}.Debug|iPhoneSimulator.ActiveCfg = Debug|Any CPU
		{BFBAD922-8A8D-4B9A-9F5B-7B10EB277C01}.Debug|iPhoneSimulator.Build.0 = Debug|Any CPU
		{BFBAD922-8A8D-4B9A-9F5B-7B10EB277C01}.Debug|iPhoneSimulator.Deploy.0 = Debug|Any CPU
		{BFBAD922-8A8D-4B9A-9F5B-7B10EB277C01}.Release|Any CPU.ActiveCfg = Release|Any CPU
		{BFBAD922-8A8D-4B9A-9F5B-7B10EB277C01}.Release|Any CPU.Build.0 = Release|Any CPU
		{BFBAD922-8A8D-4B9A-9F5B-7B10EB277C01}.Release|Any CPU.Deploy.0 = Release|Any CPU
		{BFBAD922-8A8D-4B9A-9F5B-7B10EB277C01}.Release|iPhone.ActiveCfg = Release|Any CPU
		{BFBAD922-8A8D-4B9A-9F5B-7B10EB277C01}.Release|iPhone.Build.0 = Release|Any CPU
		{BFBAD922-8A8D-4B9A-9F5B-7B10EB277C01}.Release|iPhone.Deploy.0 = Release|Any CPU
		{BFBAD922-8A8D-4B9A-9F5B-7B10EB277C01}.Release|iPhoneSimulator.ActiveCfg = Release|Any CPU
		{BFBAD922-8A8D-4B9A-9F5B-7B10EB277C01}.Release|iPhoneSimulator.Build.0 = Release|Any CPU
		{BFBAD922-8A8D-4B9A-9F5B-7B10EB277C01}.Release|iPhoneSimulator.Deploy.0 = Release|Any CPU
		{316C4651-EA6A-44F5-AE60-8B96F4D18288}.Debug|Any CPU.ActiveCfg = Debug|iPhone
		{316C4651-EA6A-44F5-AE60-8B96F4D18288}.Debug|iPhone.ActiveCfg = Debug|iPhone
		{316C4651-EA6A-44F5-AE60-8B96F4D18288}.Debug|iPhone.Build.0 = Debug|iPhone
		{316C4651-EA6A-44F5-AE60-8B96F4D18288}.Debug|iPhoneSimulator.ActiveCfg = Debug|iPhoneSimulator
		{316C4651-EA6A-44F5-AE60-8B96F4D18288}.Debug|iPhoneSimulator.Build.0 = Debug|iPhoneSimulator
		{316C4651-EA6A-44F5-AE60-8B96F4D18288}.Release|Any CPU.ActiveCfg = Release|iPhone
		{316C4651-EA6A-44F5-AE60-8B96F4D18288}.Release|iPhone.ActiveCfg = Release|iPhone
		{316C4651-EA6A-44F5-AE60-8B96F4D18288}.Release|iPhone.Build.0 = Release|iPhone
		{316C4651-EA6A-44F5-AE60-8B96F4D18288}.Release|iPhoneSimulator.ActiveCfg = Release|iPhoneSimulator
		{316C4651-EA6A-44F5-AE60-8B96F4D18288}.Release|iPhoneSimulator.Build.0 = Release|iPhoneSimulator
		{4E20D399-1382-442D-AB2D-49D341BE2597}.Debug|Any CPU.ActiveCfg = Debug|Any CPU
		{4E20D399-1382-442D-AB2D-49D341BE2597}.Debug|Any CPU.Build.0 = Debug|Any CPU
		{4E20D399-1382-442D-AB2D-49D341BE2597}.Debug|iPhone.ActiveCfg = Debug|Any CPU
		{4E20D399-1382-442D-AB2D-49D341BE2597}.Debug|iPhone.Build.0 = Debug|Any CPU
		{4E20D399-1382-442D-AB2D-49D341BE2597}.Debug|iPhoneSimulator.ActiveCfg = Debug|Any CPU
		{4E20D399-1382-442D-AB2D-49D341BE2597}.Debug|iPhoneSimulator.Build.0 = Debug|Any CPU
		{4E20D399-1382-442D-AB2D-49D341BE2597}.Release|Any CPU.ActiveCfg = Release|Any CPU
		{4E20D399-1382-442D-AB2D-49D341BE2597}.Release|Any CPU.Build.0 = Release|Any CPU
		{4E20D399-1382-442D-AB2D-49D341BE2597}.Release|iPhone.ActiveCfg = Release|Any CPU
		{4E20D399-1382-442D-AB2D-49D341BE2597}.Release|iPhone.Build.0 = Release|Any CPU
		{4E20D399-1382-442D-AB2D-49D341BE2597}.Release|iPhoneSimulator.ActiveCfg = Release|Any CPU
		{4E20D399-1382-442D-AB2D-49D341BE2597}.Release|iPhoneSimulator.Build.0 = Release|Any CPU
		{2CB8BB7A-2FAD-486A-BA7A-291BC61F8CC8}.Debug|Any CPU.ActiveCfg = Debug|Any CPU
		{2CB8BB7A-2FAD-486A-BA7A-291BC61F8CC8}.Debug|Any CPU.Build.0 = Debug|Any CPU
		{2CB8BB7A-2FAD-486A-BA7A-291BC61F8CC8}.Debug|iPhone.ActiveCfg = Debug|Any CPU
		{2CB8BB7A-2FAD-486A-BA7A-291BC61F8CC8}.Debug|iPhone.Build.0 = Debug|Any CPU
		{2CB8BB7A-2FAD-486A-BA7A-291BC61F8CC8}.Debug|iPhoneSimulator.ActiveCfg = Debug|Any CPU
		{2CB8BB7A-2FAD-486A-BA7A-291BC61F8CC8}.Debug|iPhoneSimulator.Build.0 = Debug|Any CPU
		{2CB8BB7A-2FAD-486A-BA7A-291BC61F8CC8}.Release|Any CPU.ActiveCfg = Release|Any CPU
		{2CB8BB7A-2FAD-486A-BA7A-291BC61F8CC8}.Release|Any CPU.Build.0 = Release|Any CPU
		{2CB8BB7A-2FAD-486A-BA7A-291BC61F8CC8}.Release|iPhone.ActiveCfg = Release|Any CPU
		{2CB8BB7A-2FAD-486A-BA7A-291BC61F8CC8}.Release|iPhone.Build.0 = Release|Any CPU
		{2CB8BB7A-2FAD-486A-BA7A-291BC61F8CC8}.Release|iPhoneSimulator.ActiveCfg = Release|Any CPU
		{2CB8BB7A-2FAD-486A-BA7A-291BC61F8CC8}.Release|iPhoneSimulator.Build.0 = Release|Any CPU
	EndGlobalSection
	GlobalSection(SolutionProperties) = preSolution
		HideSolutionNode = FALSE
	EndGlobalSection
	GlobalSection(NestedProjects) = preSolution
		{587A4D1B-00F2-4417-B230-E324D7C7D7D1} = {741A8714-3C9A-4EFD-B6DF-F9D28B9A80EF}
		{269D6714-A896-4F8A-B034-6AE126DEC13C} = {1EA6EB52-F8DA-4A48-AFC6-9FF81504DFE5}
		{DB6B1E9E-65AA-4988-9215-0A7618FB643D} = {1EA6EB52-F8DA-4A48-AFC6-9FF81504DFE5}
		{485C5E4F-423A-4737-BBBE-F439C9C48A2A} = {FFA2E29F-E6A0-4CEB-AE70-1FE38175F797}
		{BFBAD922-8A8D-4B9A-9F5B-7B10EB277C01} = {485C5E4F-423A-4737-BBBE-F439C9C48A2A}
		{316C4651-EA6A-44F5-AE60-8B96F4D18288} = {485C5E4F-423A-4737-BBBE-F439C9C48A2A}
		{4E20D399-1382-442D-AB2D-49D341BE2597} = {485C5E4F-423A-4737-BBBE-F439C9C48A2A}
		{2CB8BB7A-2FAD-486A-BA7A-291BC61F8CC8} = {B97ABAF8-523E-4401-8838-38B524009D86}
	EndGlobalSection
	GlobalSection(ExtensibilityGlobals) = postSolution
		SolutionGuid = {FD870FC0-42CB-4937-8675-F9B2D9D1F75D}
	EndGlobalSection
EndGlobal
